
Microsoft Visual Studio Solution File, Format Version 12.00
# Visual Studio Version 17
VisualStudioVersion = 17.9.34723.18
MinimumVisualStudioVersion = 10.0.40219.1
Project("{FAE04EC0-301F-11D3-BF4B-00C04F79EFBC}") = "[PRACTICA01]", "[PRACTICA01].csproj", "{02367AFE-D8DD-46EC-AA9F-3FD6E99AB67C}"
EndProject
Project("{FAE04EC0-301F-11D3-BF4B-00C04F79EFBC}") = "[PRACTICA02]", "..\[PRACTICA02]\[PRACTICA02].csproj", "{BCB5726C-F37D-4E57-B8FF-D7837C3E5927}"
EndProject
Global
	GlobalSection(SolutionConfigurationPlatforms) = preSolution
		Debug|Any CPU = Debug|Any CPU
		Release|Any CPU = Release|Any CPU
	EndGlobalSection
	GlobalSection(ProjectConfigurationPlatforms) = postSolution
		{02367AFE-D8DD-46EC-AA9F-3FD6E99AB67C}.Debug|Any CPU.ActiveCfg = Debug|Any CPU
		{02367AFE-D8DD-46EC-AA9F-3FD6E99AB67C}.Debug|Any CPU.Build.0 = Debug|Any CPU
		{02367AFE-D8DD-46EC-AA9F-3FD6E99AB67C}.Release|Any CPU.ActiveCfg = Release|Any CPU
		{02367AFE-D8DD-46EC-AA9F-3FD6E99AB67C}.Release|Any CPU.Build.0 = Release|Any CPU
		{BCB5726C-F37D-4E57-B8FF-D7837C3E5927}.Debug|Any CPU.ActiveCfg = Debug|Any CPU
		{BCB5726C-F37D-4E57-B8FF-D7837C3E5927}.Debug|Any CPU.Build.0 = Debug|Any CPU
		{BCB5726C-F37D-4E57-B8FF-D7837C3E5927}.Release|Any CPU.ActiveCfg = Release|Any CPU
		{BCB5726C-F37D-4E57-B8FF-D7837C3E5927}.Release|Any CPU.Build.0 = Release|Any CPU
	EndGlobalSection
	GlobalSection(SolutionProperties) = preSolution
		HideSolutionNode = FALSE
	EndGlobalSection
	GlobalSection(ExtensibilityGlobals) = postSolution
		SolutionGuid = {878D197B-B604-4135-AEA6-F834F1F32468}
	EndGlobalSection
EndGlobal
